
Microsoft Visual Studio Solution File, Format Version 12.00
# Visual Studio Version 16
VisualStudioVersion = 16.0.30907.101
MinimumVisualStudioVersion = 10.0.40219.1
Project("{FAE04EC0-301F-11D3-BF4B-00C04F79EFBC}") = "LabWork-1", "LabWork-1\LabWork-1.csproj", "{800A213C-67F8-4F37-A6F2-728A063CF31D}"
EndProject
Project("{FAE04EC0-301F-11D3-BF4B-00C04F79EFBC}") = "MyLibrary", "MyLibrary\MyLibrary.csproj", "{F7A0192C-CAEE-436D-BC85-0364214D68C5}"
EndProject
Project("{FAE04EC0-301F-11D3-BF4B-00C04F79EFBC}") = "LabWork-3", "LabWork-3\LabWork-3.csproj", "{D72E9D4A-8458-4392-A2E3-0F1204B58877}"
EndProject
Global
	GlobalSection(SolutionConfigurationPlatforms) = preSolution
		Debug|Any CPU = Debug|Any CPU
		Release|Any CPU = Release|Any CPU
	EndGlobalSection
	GlobalSection(ProjectConfigurationPlatforms) = postSolution
		{800A213C-67F8-4F37-A6F2-728A063CF31D}.Debug|Any CPU.ActiveCfg = Debug|Any CPU
		{800A213C-67F8-4F37-A6F2-728A063CF31D}.Debug|Any CPU.Build.0 = Debug|Any CPU
		{800A213C-67F8-4F37-A6F2-728A063CF31D}.Release|Any CPU.ActiveCfg = Release|Any CPU
		{800A213C-67F8-4F37-A6F2-728A063CF31D}.Release|Any CPU.Build.0 = Release|Any CPU
		{F7A0192C-CAEE-436D-BC85-0364214D68C5}.Debug|Any CPU.ActiveCfg = Debug|Any CPU
		{F7A0192C-CAEE-436D-BC85-0364214D68C5}.Debug|Any CPU.Build.0 = Debug|Any CPU
		{F7A0192C-CAEE-436D-BC85-0364214D68C5}.Release|Any CPU.ActiveCfg = Release|Any CPU
		{F7A0192C-CAEE-436D-BC85-0364214D68C5}.Release|Any CPU.Build.0 = Release|Any CPU
		{D72E9D4A-8458-4392-A2E3-0F1204B58877}.Debug|Any CPU.ActiveCfg = Debug|Any CPU
		{D72E9D4A-8458-4392-A2E3-0F1204B58877}.Debug|Any CPU.Build.0 = Debug|Any CPU
		{D72E9D4A-8458-4392-A2E3-0F1204B58877}.Release|Any CPU.ActiveCfg = Release|Any CPU
		{D72E9D4A-8458-4392-A2E3-0F1204B58877}.Release|Any CPU.Build.0 = Release|Any CPU
	EndGlobalSection
	GlobalSection(SolutionProperties) = preSolution
		HideSolutionNode = FALSE
	EndGlobalSection
	GlobalSection(ExtensibilityGlobals) = postSolution
		SolutionGuid = {D5E93E7F-D39B-49AA-B02A-7CB0C2045103}
	EndGlobalSection
EndGlobal
